
Microsoft Visual Studio Solution File, Format Version 12.00
# Visual Studio Version 17
VisualStudioVersion = 17.6.33815.320
MinimumVisualStudioVersion = 10.0.40219.1
Project("{9A19103F-16F7-4668-BE54-9A1E7A4F7556}") = "InvestManagerVer2.Web", "InvestManagerVer2.Web\InvestManagerVer2.Web.csproj", "{8AFAFEE9-A21D-4711-82AA-AD5846D41690}"
EndProject
Project("{FAE04EC0-301F-11D3-BF4B-00C04F79EFBC}") = "InvestManager.ApplicatinCore", "InvestManager.ApplicatinCore\InvestManager.ApplicatinCore.csproj", "{3A1E346B-273A-4DE6-8F65-393A98175704}"
EndProject
Global
	GlobalSection(SolutionConfigurationPlatforms) = preSolution
		Debug|Any CPU = Debug|Any CPU
		Release|Any CPU = Release|Any CPU
	EndGlobalSection
	GlobalSection(ProjectConfigurationPlatforms) = postSolution
		{8AFAFEE9-A21D-4711-82AA-AD5846D41690}.Debug|Any CPU.ActiveCfg = Debug|Any CPU
		{8AFAFEE9-A21D-4711-82AA-AD5846D41690}.Debug|Any CPU.Build.0 = Debug|Any CPU
		{8AFAFEE9-A21D-4711-82AA-AD5846D41690}.Release|Any CPU.ActiveCfg = Release|Any CPU
		{8AFAFEE9-A21D-4711-82AA-AD5846D41690}.Release|Any CPU.Build.0 = Release|Any CPU
		{3A1E346B-273A-4DE6-8F65-393A98175704}.Debug|Any CPU.ActiveCfg = Debug|Any CPU
		{3A1E346B-273A-4DE6-8F65-393A98175704}.Debug|Any CPU.Build.0 = Debug|Any CPU
		{3A1E346B-273A-4DE6-8F65-393A98175704}.Release|Any CPU.ActiveCfg = Release|Any CPU
		{3A1E346B-273A-4DE6-8F65-393A98175704}.Release|Any CPU.Build.0 = Release|Any CPU
	EndGlobalSection
	GlobalSection(SolutionProperties) = preSolution
		HideSolutionNode = FALSE
	EndGlobalSection
	GlobalSection(ExtensibilityGlobals) = postSolution
		SolutionGuid = {5DA5A074-6436-4A97-8D33-1F02E12B4F90}
	EndGlobalSection
EndGlobal
